# THIS IS AN AUTOGENERATED FILE. DO NOT EDIT THIS FILE DIRECTLY.
# yarn lockfile v1


jquery.cookie@^1.4.1:
  version "1.4.1"
  resolved "https://registry.yarnpkg.com/jquery.cookie/-/jquery.cookie-1.4.1.tgz#d63dce209eab691fe63316db08ca9e47e0f9385b"

jquery@^3.2.1:
  version "3.2.1"
  resolved "https://registry.yarnpkg.com/jquery/-/jquery-3.2.1.tgz#5c4d9de652af6cd0a770154a631bba12b015c787"
